# This file is automatically @generated by Cargo.
# It is not intended for manual editing.
version = 3

[[package]]
name = "feder_builder"
version = "0.1.0"
dependencies = [
 "feder_common",
]

[[package]]
name = "feder_cli"
version = "0.1.0"
dependencies = [
 "feder_common",
]

[[package]]
name = "feder_common"
version = "0.1.0"

[[package]]
name = "feder_server"
version = "0.1.0"
dependencies = [
 "feder_common",
]
